
Microsoft Visual Studio Solution File, Format Version 12.00
# Visual Studio Version 17
VisualStudioVersion = 17.12.35410.144 d17.12
MinimumVisualStudioVersion = 10.0.40219.1
Project("{FAE04EC0-301F-11D3-BF4B-00C04F79EFBC}") = "MindboxGeometricShapesLibrary", "MindboxGeometricShapesLibrary\MindboxGeometricShapesLibrary.csproj", "{9FC9D36D-ED67-4C63-B31E-7A1D4D32DCA2}"
EndProject
Project("{FAE04EC0-301F-11D3-BF4B-00C04F79EFBC}") = "ConsoleAppToCallLib", "ConsoleAppToCallLib\ConsoleAppToCallLib.csproj", "{9980CB15-F14F-48CC-BF29-87F7B4C131AE}"
EndProject
Global
	GlobalSection(SolutionConfigurationPlatforms) = preSolution
		Debug|Any CPU = Debug|Any CPU
		Release|Any CPU = Release|Any CPU
	EndGlobalSection
	GlobalSection(ProjectConfigurationPlatforms) = postSolution
		{9FC9D36D-ED67-4C63-B31E-7A1D4D32DCA2}.Debug|Any CPU.ActiveCfg = Debug|Any CPU
		{9FC9D36D-ED67-4C63-B31E-7A1D4D32DCA2}.Debug|Any CPU.Build.0 = Debug|Any CPU
		{9FC9D36D-ED67-4C63-B31E-7A1D4D32DCA2}.Release|Any CPU.ActiveCfg = Release|Any CPU
		{9FC9D36D-ED67-4C63-B31E-7A1D4D32DCA2}.Release|Any CPU.Build.0 = Release|Any CPU
		{9980CB15-F14F-48CC-BF29-87F7B4C131AE}.Debug|Any CPU.ActiveCfg = Debug|Any CPU
		{9980CB15-F14F-48CC-BF29-87F7B4C131AE}.Debug|Any CPU.Build.0 = Debug|Any CPU
		{9980CB15-F14F-48CC-BF29-87F7B4C131AE}.Release|Any CPU.ActiveCfg = Release|Any CPU
		{9980CB15-F14F-48CC-BF29-87F7B4C131AE}.Release|Any CPU.Build.0 = Release|Any CPU
	EndGlobalSection
	GlobalSection(SolutionProperties) = preSolution
		HideSolutionNode = FALSE
	EndGlobalSection
EndGlobal
